// !$*UTF8*$!
{
	archiveVersion = 1;
	classes = {
	};
	objectVersion = 52;
	objects = {

/* Begin PBXBuildFile section */
		140CC444262E339200AD54AF /* SearchBar.swift in Sources */ = {isa = PBXBuildFile; fileRef = 140CC443262E339200AD54AF /* SearchBar.swift */; };
		140CC447262E6E3000AD54AF /* Colors.swift in Sources */ = {isa = PBXBuildFile; fileRef = 140CC446262E6E3000AD54AF /* Colors.swift */; };
		141CF7842648CA2500A9C18F /* DownloadsView.swift in Sources */ = {isa = PBXBuildFile; fileRef = 141CF7832648CA2500A9C18F /* DownloadsView.swift */; };
		1428F1A525FC613D004EA1B7 /* HomeView.swift in Sources */ = {isa = PBXBuildFile; fileRef = 1428F1A425FC613D004EA1B7 /* HomeView.swift */; };
		1428F1A925FC637E004EA1B7 /* Kingfisher in Frameworks */ = {isa = PBXBuildFile; productRef = 1428F1A825FC637E004EA1B7 /* Kingfisher */; };
		1428F1AC25FC63E2004EA1B7 /* Movie.swift in Sources */ = {isa = PBXBuildFile; fileRef = 1428F1AB25FC63E2004EA1B7 /* Movie.swift */; };
		1428F1AF25FC6464004EA1B7 /* StandardHomeMovie.swift in Sources */ = {isa = PBXBuildFile; fileRef = 1428F1AE25FC6464004EA1B7 /* StandardHomeMovie.swift */; };
		1428F1B225FC64F9004EA1B7 /* GlobalHelpers.swift in Sources */ = {isa = PBXBuildFile; fileRef = 1428F1B125FC64F9004EA1B7 /* GlobalHelpers.swift */; };
		1428F1B525FC676B004EA1B7 /* HomeVM.swift in Sources */ = {isa = PBXBuildFile; fileRef = 1428F1B425FC676B004EA1B7 /* HomeVM.swift */; };
		14297BF1263F8B480060FB3F /* ComingSoon.swift in Sources */ = {isa = PBXBuildFile; fileRef = 14297BF0263F8B480060FB3F /* ComingSoon.swift */; };
		14297BF5263F8BF70060FB3F /* NotificationBar.swift in Sources */ = {isa = PBXBuildFile; fileRef = 14297BF4263F8BF70060FB3F /* NotificationBar.swift */; };
		14297BF8263F92180060FB3F /* ComingSoonRow.swift in Sources */ = {isa = PBXBuildFile; fileRef = 14297BF7263F92180060FB3F /* ComingSoonRow.swift */; };
		142CC7DF2603360E00CE259E /* TopMoviePreview.swift in Sources */ = {isa = PBXBuildFile; fileRef = 142CC7DE2603360E00CE259E /* TopMoviePreview.swift */; };
		1433F6ED260D78A1001ADADB /* CustomTabSwitcher.swift in Sources */ = {isa = PBXBuildFile; fileRef = 1433F6EC260D78A1001ADADB /* CustomTabSwitcher.swift */; };
		144C64B526218C6C00CB60C0 /* HomeStack.swift in Sources */ = {isa = PBXBuildFile; fileRef = 144C64B426218C6C00CB60C0 /* HomeStack.swift */; };
		14587C97260407C90015219E /* SmallVerticalButton.swift in Sources */ = {isa = PBXBuildFile; fileRef = 14587C96260407C90015219E /* SmallVerticalButton.swift */; };
		145881F1264383F500EDA4FC /* ComingSoonVM.swift in Sources */ = {isa = PBXBuildFile; fileRef = 145881F0264383F500EDA4FC /* ComingSoonVM.swift */; };
		145881F82643868D00EDA4FC /* TrackableScrollView.swift in Sources */ = {isa = PBXBuildFile; fileRef = 145881F72643868D00EDA4FC /* TrackableScrollView.swift */; };
		145BA05A260A9738000A4FC2 /* MovieDetail.swift in Sources */ = {isa = PBXBuildFile; fileRef = 145BA059260A9738000A4FC2 /* MovieDetail.swift */; };
		1474C0BB26054BEE00A5CAF2 /* PlayButton.swift in Sources */ = {isa = PBXBuildFile; fileRef = 1474C0BA26054BEE00A5CAF2 /* PlayButton.swift */; };
		14805B8525FB986B003095B0 /* NetflixCloneApp.swift in Sources */ = {isa = PBXBuildFile; fileRef = 14805B8425FB986B003095B0 /* NetflixCloneApp.swift */; };
		14805B8725FB986B003095B0 /* ContentView.swift in Sources */ = {isa = PBXBuildFile; fileRef = 14805B8625FB986B003095B0 /* ContentView.swift */; };
		14805B8925FB986B003095B0 /* Assets.xcassets in Resources */ = {isa = PBXBuildFile; fileRef = 14805B8825FB986B003095B0 /* Assets.xcassets */; };
		14805B8C25FB986B003095B0 /* Preview Assets.xcassets in Resources */ = {isa = PBXBuildFile; fileRef = 14805B8B25FB986B003095B0 /* Preview Assets.xcassets */; };
		149C264726301178008B990D /* ActivityIndicator.swift in Sources */ = {isa = PBXBuildFile; fileRef = 149C264626301178008B990D /* ActivityIndicator.swift */; };
		14A4FF78260BEBCF00582FDC /* Episode.swift in Sources */ = {isa = PBXBuildFile; fileRef = 14A4FF77260BEBCF00582FDC /* Episode.swift */; };
		14A71B0B2612B5BB00A8F238 /* Trailer.swift in Sources */ = {isa = PBXBuildFile; fileRef = 14A71B0A2612B5BB00A8F238 /* Trailer.swift */; };
		14A71B0E2612B65E00A8F238 /* SwiftUIVideoView.swift in Sources */ = {isa = PBXBuildFile; fileRef = 14A71B0D2612B65E00A8F238 /* SwiftUIVideoView.swift */; };
		14A71B132612BB0400A8F238 /* VideoPreviewImage.swift in Sources */ = {isa = PBXBuildFile; fileRef = 14A71B122612BB0400A8F238 /* VideoPreviewImage.swift */; };
		14A71B182612BE3B00A8F238 /* TrailerList.swift in Sources */ = {isa = PBXBuildFile; fileRef = 14A71B172612BE3B00A8F238 /* TrailerList.swift */; };
		14A71B1B2612C85800A8F238 /* EpisodesView.swift in Sources */ = {isa = PBXBuildFile; fileRef = 14A71B1A2612C85800A8F238 /* EpisodesView.swift */; };
		14D3A43326112BBA002F6F3E /* MoreLikeThis.swift in Sources */ = {isa = PBXBuildFile; fileRef = 14D3A43226112BBA002F6F3E /* MoreLikeThis.swift */; };
		14DDD33B2631267D000BBAD6 /* SearchView.swift in Sources */ = {isa = PBXBuildFile; fileRef = 14DDD33A2631267D000BBAD6 /* SearchView.swift */; };
		14DDD33E2631271C000BBAD6 /* SearchVM.swift in Sources */ = {isa = PBXBuildFile; fileRef = 14DDD33D2631271C000BBAD6 /* SearchVM.swift */; };
		14DDD34126312AF4000BBAD6 /* GenerateMovies.swift in Sources */ = {isa = PBXBuildFile; fileRef = 14DDD34026312AF4000BBAD6 /* GenerateMovies.swift */; };
		14E7CA3E263A5EEB002D45B6 /* PopularMovieView.swift in Sources */ = {isa = PBXBuildFile; fileRef = 14E7CA3D263A5EEB002D45B6 /* PopularMovieView.swift */; };
		14E7CA41263A7764002D45B6 /* SearchResultsGrid.swift in Sources */ = {isa = PBXBuildFile; fileRef = 14E7CA40263A7764002D45B6 /* SearchResultsGrid.swift */; };
		97C61E178239092C5ACFEE3A /* libPods-NetflixClone.a in Frameworks */ = {isa = PBXBuildFile; fileRef = 1339F96638C592DBD678B90F /* libPods-NetflixClone.a */; };
/* End PBXBuildFile section */

/* Begin PBXFileReference section */
		1339F96638C592DBD678B90F /* libPods-NetflixClone.a */ = {isa = PBXFileReference; explicitFileType = archive.ar; includeInIndex = 0; path = "libPods-NetflixClone.a"; sourceTree = BUILT_PRODUCTS_DIR; };
		140CC443262E339200AD54AF /* SearchBar.swift */ = {isa = PBXFileReference; lastKnownFileType = sourcecode.swift; path = SearchBar.swift; sourceTree = "<group>"; };
		140CC446262E6E3000AD54AF /* Colors.swift */ = {isa = PBXFileReference; lastKnownFileType = sourcecode.swift; path = Colors.swift; sourceTree = "<group>"; };
		141CF7832648CA2500A9C18F /* DownloadsView.swift */ = {isa = PBXFileReference; lastKnownFileType = sourcecode.swift; path = DownloadsView.swift; sourceTree = "<group>"; };
		1428F1A425FC613D004EA1B7 /* HomeView.swift */ = {isa = PBXFileReference; lastKnownFileType = sourcecode.swift; path = HomeView.swift; sourceTree = "<group>"; };
		1428F1AB25FC63E2004EA1B7 /* Movie.swift */ = {isa = PBXFileReference; lastKnownFileType = sourcecode.swift; path = Movie.swift; sourceTree = "<group>"; };
		1428F1AE25FC6464004EA1B7 /* StandardHomeMovie.swift */ = {isa = PBXFileReference; lastKnownFileType = sourcecode.swift; path = StandardHomeMovie.swift; sourceTree = "<group>"; };
		1428F1B125FC64F9004EA1B7 /* GlobalHelpers.swift */ = {isa = PBXFileReference; lastKnownFileType = sourcecode.swift; path = GlobalHelpers.swift; sourceTree = "<group>"; };
		1428F1B425FC676B004EA1B7 /* HomeVM.swift */ = {isa = PBXFileReference; lastKnownFileType = sourcecode.swift; path = HomeVM.swift; sourceTree = "<group>"; };
		14297BF0263F8B480060FB3F /* ComingSoon.swift */ = {isa = PBXFileReference; lastKnownFileType = sourcecode.swift; path = ComingSoon.swift; sourceTree = "<group>"; };
		14297BF4263F8BF70060FB3F /* NotificationBar.swift */ = {isa = PBXFileReference; lastKnownFileType = sourcecode.swift; path = NotificationBar.swift; sourceTree = "<group>"; };
		14297BF7263F92180060FB3F /* ComingSoonRow.swift */ = {isa = PBXFileReference; lastKnownFileType = sourcecode.swift; path = ComingSoonRow.swift; sourceTree = "<group>"; };
		142CC7DE2603360E00CE259E /* TopMoviePreview.swift */ = {isa = PBXFileReference; lastKnownFileType = sourcecode.swift; path = TopMoviePreview.swift; sourceTree = "<group>"; };
		1433F6EC260D78A1001ADADB /* CustomTabSwitcher.swift */ = {isa = PBXFileReference; lastKnownFileType = sourcecode.swift; path = CustomTabSwitcher.swift; sourceTree = "<group>"; };
		144C64B426218C6C00CB60C0 /* HomeStack.swift */ = {isa = PBXFileReference; lastKnownFileType = sourcecode.swift; path = HomeStack.swift; sourceTree = "<group>"; };
		14587C96260407C90015219E /* SmallVerticalButton.swift */ = {isa = PBXFileReference; lastKnownFileType = sourcecode.swift; path = SmallVerticalButton.swift; sourceTree = "<group>"; };
		145881F0264383F500EDA4FC /* ComingSoonVM.swift */ = {isa = PBXFileReference; lastKnownFileType = sourcecode.swift; path = ComingSoonVM.swift; sourceTree = "<group>"; };
		145881F72643868D00EDA4FC /* TrackableScrollView.swift */ = {isa = PBXFileReference; fileEncoding = 4; lastKnownFileType = sourcecode.swift; path = TrackableScrollView.swift; sourceTree = "<group>"; };
		145BA059260A9738000A4FC2 /* MovieDetail.swift */ = {isa = PBXFileReference; lastKnownFileType = sourcecode.swift; path = MovieDetail.swift; sourceTree = "<group>"; };
		1474C0BA26054BEE00A5CAF2 /* PlayButton.swift */ = {isa = PBXFileReference; lastKnownFileType = sourcecode.swift; path = PlayButton.swift; sourceTree = "<group>"; };
		14805B8125FB986B003095B0 /* NetflixClone.app */ = {isa = PBXFileReference; explicitFileType = wrapper.application; includeInIndex = 0; path = NetflixClone.app; sourceTree = BUILT_PRODUCTS_DIR; };
		14805B8425FB986B003095B0 /* NetflixCloneApp.swift */ = {isa = PBXFileReference; lastKnownFileType = sourcecode.swift; path = NetflixCloneApp.swift; sourceTree = "<group>"; };
		14805B8625FB986B003095B0 /* ContentView.swift */ = {isa = PBXFileReference; lastKnownFileType = sourcecode.swift; path = ContentView.swift; sourceTree = "<group>"; };
		14805B8825FB986B003095B0 /* Assets.xcassets */ = {isa = PBXFileReference; lastKnownFileType = folder.assetcatalog; path = Assets.xcassets; sourceTree = "<group>"; };
		14805B8B25FB986B003095B0 /* Preview Assets.xcassets */ = {isa = PBXFileReference; lastKnownFileType = folder.assetcatalog; path = "Preview Assets.xcassets"; sourceTree = "<group>"; };
		14805B8D25FB986B003095B0 /* Info.plist */ = {isa = PBXFileReference; lastKnownFileType = text.plist.xml; path = Info.plist; sourceTree = "<group>"; };
		149C264626301178008B990D /* ActivityIndicator.swift */ = {isa = PBXFileReference; lastKnownFileType = sourcecode.swift; path = ActivityIndicator.swift; sourceTree = "<group>"; };
		14A4FF77260BEBCF00582FDC /* Episode.swift */ = {isa = PBXFileReference; lastKnownFileType = sourcecode.swift; path = Episode.swift; sourceTree = "<group>"; };
		14A71B0A2612B5BB00A8F238 /* Trailer.swift */ = {isa = PBXFileReference; lastKnownFileType = sourcecode.swift; path = Trailer.swift; sourceTree = "<group>"; };
		14A71B0D2612B65E00A8F238 /* SwiftUIVideoView.swift */ = {isa = PBXFileReference; lastKnownFileType = sourcecode.swift; path = SwiftUIVideoView.swift; sourceTree = "<group>"; };
		14A71B122612BB0400A8F238 /* VideoPreviewImage.swift */ = {isa = PBXFileReference; lastKnownFileType = sourcecode.swift; path = VideoPreviewImage.swift; sourceTree = "<group>"; };
		14A71B172612BE3B00A8F238 /* TrailerList.swift */ = {isa = PBXFileReference; lastKnownFileType = sourcecode.swift; path = TrailerList.swift; sourceTree = "<group>"; };
		14A71B1A2612C85800A8F238 /* EpisodesView.swift */ = {isa = PBXFileReference; lastKnownFileType = sourcecode.swift; path = EpisodesView.swift; sourceTree = "<group>"; };
		14D3A43226112BBA002F6F3E /* MoreLikeThis.swift */ = {isa = PBXFileReference; lastKnownFileType = sourcecode.swift; path = MoreLikeThis.swift; sourceTree = "<group>"; };
		14DDD33A2631267D000BBAD6 /* SearchView.swift */ = {isa = PBXFileReference; lastKnownFileType = sourcecode.swift; path = SearchView.swift; sourceTree = "<group>"; };
		14DDD33D2631271C000BBAD6 /* SearchVM.swift */ = {isa = PBXFileReference; lastKnownFileType = sourcecode.swift; path = SearchVM.swift; sourceTree = "<group>"; };
		14DDD34026312AF4000BBAD6 /* GenerateMovies.swift */ = {isa = PBXFileReference; lastKnownFileType = sourcecode.swift; path = GenerateMovies.swift; sourceTree = "<group>"; };
		14E7CA3D263A5EEB002D45B6 /* PopularMovieView.swift */ = {isa = PBXFileReference; lastKnownFileType = sourcecode.swift; path = PopularMovieView.swift; sourceTree = "<group>"; };
		14E7CA40263A7764002D45B6 /* SearchResultsGrid.swift */ = {isa = PBXFileReference; lastKnownFileType = sourcecode.swift; path = SearchResultsGrid.swift; sourceTree = "<group>"; };
		1821F81844176A27A2465DF7 /* Pods-NetflixClone.debug.xcconfig */ = {isa = PBXFileReference; includeInIndex = 1; lastKnownFileType = text.xcconfig; name = "Pods-NetflixClone.debug.xcconfig"; path = "Target Support Files/Pods-NetflixClone/Pods-NetflixClone.debug.xcconfig"; sourceTree = "<group>"; };
		DD2924F23AD01581E594343A /* Pods-NetflixClone.release.xcconfig */ = {isa = PBXFileReference; includeInIndex = 1; lastKnownFileType = text.xcconfig; name = "Pods-NetflixClone.release.xcconfig"; path = "Target Support Files/Pods-NetflixClone/Pods-NetflixClone.release.xcconfig"; sourceTree = "<group>"; };
/* End PBXFileReference section */

/* Begin PBXFrameworksBuildPhase section */
		14805B7E25FB986B003095B0 /* Frameworks */ = {
			isa = PBXFrameworksBuildPhase;
			buildActionMask = 2147483647;
			files = (
				1428F1A925FC637E004EA1B7 /* Kingfisher in Frameworks */,
				97C61E178239092C5ACFEE3A /* libPods-NetflixClone.a in Frameworks */,
			);
			runOnlyForDeploymentPostprocessing = 0;
		};
/* End PBXFrameworksBuildPhase section */

/* Begin PBXGroup section */
		140CC442262E336C00AD54AF /* Search */ = {
			isa = PBXGroup;
			children = (
				140CC443262E339200AD54AF /* SearchBar.swift */,
				14DDD33A2631267D000BBAD6 /* SearchView.swift */,
				14DDD33D2631271C000BBAD6 /* SearchVM.swift */,
				14E7CA3D263A5EEB002D45B6 /* PopularMovieView.swift */,
				14E7CA40263A7764002D45B6 /* SearchResultsGrid.swift */,
			);
			path = Search;
			sourceTree = "<group>";
		};
		141CF7822648CA0100A9C18F /* Shared */ = {
			isa = PBXGroup;
			children = (
				14805B8425FB986B003095B0 /* NetflixCloneApp.swift */,
				14805B8625FB986B003095B0 /* ContentView.swift */,
				14805B8825FB986B003095B0 /* Assets.xcassets */,
			);
			path = Shared;
			sourceTree = "<group>";
		};
		141CF7852648E1C200A9C18F /* Download */ = {
			isa = PBXGroup;
			children = (
				141CF7832648CA2500A9C18F /* DownloadsView.swift */,
			);
			path = Download;
			sourceTree = "<group>";
		};
		14297BEF263F8B310060FB3F /* ComingSoon */ = {
			isa = PBXGroup;
			children = (
				145881F72643868D00EDA4FC /* TrackableScrollView.swift */,
				14297BF0263F8B480060FB3F /* ComingSoon.swift */,
				14297BF4263F8BF70060FB3F /* NotificationBar.swift */,
				14297BF7263F92180060FB3F /* ComingSoonRow.swift */,
				145881F0264383F500EDA4FC /* ComingSoonVM.swift */,
			);
			path = ComingSoon;
			sourceTree = "<group>";
		};
		145BA055260A9674000A4FC2 /* HomeViews */ = {
			isa = PBXGroup;
			children = (
				1428F1A425FC613D004EA1B7 /* HomeView.swift */,
				144C64B426218C6C00CB60C0 /* HomeStack.swift */,
				1428F1B425FC676B004EA1B7 /* HomeVM.swift */,
			);
			path = HomeViews;
			sourceTree = "<group>";
		};
		145BA056260A96A1000A4FC2 /* HelperViews */ = {
			isa = PBXGroup;
			children = (
				1428F1AE25FC6464004EA1B7 /* StandardHomeMovie.swift */,
				142CC7DE2603360E00CE259E /* TopMoviePreview.swift */,
				1474C0BA26054BEE00A5CAF2 /* PlayButton.swift */,
				14587C96260407C90015219E /* SmallVerticalButton.swift */,
			);
			path = HelperViews;
			sourceTree = "<group>";
		};
		145BA057260A96C7000A4FC2 /* Model */ = {
			isa = PBXGroup;
			children = (
				1428F1AB25FC63E2004EA1B7 /* Movie.swift */,
				14A4FF77260BEBCF00582FDC /* Episode.swift */,
				14A71B0A2612B5BB00A8F238 /* Trailer.swift */,
			);
			path = Model;
			sourceTree = "<group>";
		};
		145BA058260A96DA000A4FC2 /* Helpers */ = {
			isa = PBXGroup;
			children = (
				1428F1B125FC64F9004EA1B7 /* GlobalHelpers.swift */,
				140CC446262E6E3000AD54AF /* Colors.swift */,
				149C264626301178008B990D /* ActivityIndicator.swift */,
				14DDD34026312AF4000BBAD6 /* GenerateMovies.swift */,
			);
			path = Helpers;
			sourceTree = "<group>";
		};
		14805B7825FB986B003095B0 = {
			isa = PBXGroup;
			children = (
				14805B8325FB986B003095B0 /* NetflixClone */,
				14805B8225FB986B003095B0 /* Products */,
				2A75FE061918408826F2EF77 /* Pods */,
				7116DFCE30F5E14DBC76A0B5 /* Frameworks */,
			);
			sourceTree = "<group>";
		};
		14805B8225FB986B003095B0 /* Products */ = {
			isa = PBXGroup;
			children = (
				14805B8125FB986B003095B0 /* NetflixClone.app */,
			);
			name = Products;
			sourceTree = "<group>";
		};
		14805B8325FB986B003095B0 /* NetflixClone */ = {
			isa = PBXGroup;
			children = (
				141CF7822648CA0100A9C18F /* Shared */,
				14297BEF263F8B310060FB3F /* ComingSoon */,
				140CC442262E336C00AD54AF /* Search */,
				145BA057260A96C7000A4FC2 /* Model */,
				145BA058260A96DA000A4FC2 /* Helpers */,
				145BA056260A96A1000A4FC2 /* HelperViews */,
				14A71B102612B80C00A8F238 /* VideoPlayer */,
				14D3A43026112B77002F6F3E /* MovieDetail */,
				145BA055260A9674000A4FC2 /* HomeViews */,
				14805B8D25FB986B003095B0 /* Info.plist */,
				14805B8A25FB986B003095B0 /* Preview Content */,
				141CF7852648E1C200A9C18F /* Download */,
			);
			path = NetflixClone;
			sourceTree = "<group>";
		};
		14805B8A25FB986B003095B0 /* Preview Content */ = {
			isa = PBXGroup;
			children = (
				14805B8B25FB986B003095B0 /* Preview Assets.xcassets */,
			);
			path = "Preview Content";
			sourceTree = "<group>";
		};
		14A71B102612B80C00A8F238 /* VideoPlayer */ = {
			isa = PBXGroup;
			children = (
				14A71B0D2612B65E00A8F238 /* SwiftUIVideoView.swift */,
				14A71B122612BB0400A8F238 /* VideoPreviewImage.swift */,
			);
			path = VideoPlayer;
			sourceTree = "<group>";
		};
		14D3A43026112B77002F6F3E /* MovieDetail */ = {
			isa = PBXGroup;
			children = (
				145BA059260A9738000A4FC2 /* MovieDetail.swift */,
				1433F6EC260D78A1001ADADB /* CustomTabSwitcher.swift */,
				14D3A43226112BBA002F6F3E /* MoreLikeThis.swift */,
				14A71B172612BE3B00A8F238 /* TrailerList.swift */,
				14A71B1A2612C85800A8F238 /* EpisodesView.swift */,
			);
			path = MovieDetail;
			sourceTree = "<group>";
		};
		2A75FE061918408826F2EF77 /* Pods */ = {
			isa = PBXGroup;
			children = (
				1821F81844176A27A2465DF7 /* Pods-NetflixClone.debug.xcconfig */,
				DD2924F23AD01581E594343A /* Pods-NetflixClone.release.xcconfig */,
			);
			path = Pods;
			sourceTree = "<group>";
		};
		7116DFCE30F5E14DBC76A0B5 /* Frameworks */ = {
			isa = PBXGroup;
			children = (
				1339F96638C592DBD678B90F /* libPods-NetflixClone.a */,
			);
			name = Frameworks;
			sourceTree = "<group>";
		};
/* End PBXGroup section */

/* Begin PBXNativeTarget section */
		14805B8025FB986B003095B0 /* NetflixClone */ = {
			isa = PBXNativeTarget;
			buildConfigurationList = 14805B9025FB986B003095B0 /* Build configuration list for PBXNativeTarget "NetflixClone" */;
			buildPhases = (
				57D76DF262C8EF24DAA74A67 /* [CP] Check Pods Manifest.lock */,
				14805B7D25FB986B003095B0 /* Sources */,
				14805B7E25FB986B003095B0 /* Frameworks */,
				14805B7F25FB986B003095B0 /* Resources */,
			);
			buildRules = (
			);
			dependencies = (
			);
			name = NetflixClone;
			packageProductDependencies = (
				1428F1A825FC637E004EA1B7 /* Kingfisher */,
			);
			productName = NetflixClone;
			productReference = 14805B8125FB986B003095B0 /* NetflixClone.app */;
			productType = "com.apple.product-type.application";
		};
/* End PBXNativeTarget section */

/* Begin PBXProject section */
		14805B7925FB986B003095B0 /* Project object */ = {
			isa = PBXProject;
			attributes = {
				LastSwiftUpdateCheck = 1240;
				LastUpgradeCheck = 1240;
				TargetAttributes = {
					14805B8025FB986B003095B0 = {
						CreatedOnToolsVersion = 12.4;
					};
				};
			};
			buildConfigurationList = 14805B7C25FB986B003095B0 /* Build configuration list for PBXProject "NetflixClone" */;
			compatibilityVersion = "Xcode 9.3";
			developmentRegion = en;
			hasScannedForEncodings = 0;
			knownRegions = (
				en,
				Base,
			);
			mainGroup = 14805B7825FB986B003095B0;
			packageReferences = (
				1428F1A725FC637E004EA1B7 /* XCRemoteSwiftPackageReference "Kingfisher" */,
			);
			productRefGroup = 14805B8225FB986B003095B0 /* Products */;
			projectDirPath = "";
			projectRoot = "";
			targets = (
				14805B8025FB986B003095B0 /* NetflixClone */,
			);
		};
/* End PBXProject section */

/* Begin PBXResourcesBuildPhase section */
		14805B7F25FB986B003095B0 /* Resources */ = {
			isa = PBXResourcesBuildPhase;
			buildActionMask = 2147483647;
			files = (
				14805B8C25FB986B003095B0 /* Preview Assets.xcassets in Resources */,
				14805B8925FB986B003095B0 /* Assets.xcassets in Resources */,
			);
			runOnlyForDeploymentPostprocessing = 0;
		};
/* End PBXResourcesBuildPhase section */

/* Begin PBXShellScriptBuildPhase section */
		57D76DF262C8EF24DAA74A67 /* [CP] Check Pods Manifest.lock */ = {
			isa = PBXShellScriptBuildPhase;
			buildActionMask = 2147483647;
			files = (
			);
			inputFileListPaths = (
			);
			inputPaths = (
				"${PODS_PODFILE_DIR_PATH}/Podfile.lock",
				"${PODS_ROOT}/Manifest.lock",
			);
			name = "[CP] Check Pods Manifest.lock";
			outputFileListPaths = (
			);
			outputPaths = (
				"$(DERIVED_FILE_DIR)/Pods-NetflixClone-checkManifestLockResult.txt",
			);
			runOnlyForDeploymentPostprocessing = 0;
			shellPath = /bin/sh;
			shellScript = "diff \"${PODS_PODFILE_DIR_PATH}/Podfile.lock\" \"${PODS_ROOT}/Manifest.lock\" > /dev/null\nif [ $? != 0 ] ; then\n    # print error to STDERR\n    echo \"error: The sandbox is not in sync with the Podfile.lock. Run 'pod install' or update your CocoaPods installation.\" >&2\n    exit 1\nfi\n# This output is used by Xcode 'outputs' to avoid re-running this script phase.\necho \"SUCCESS\" > \"${SCRIPT_OUTPUT_FILE_0}\"\n";
			showEnvVarsInLog = 0;
		};
/* End PBXShellScriptBuildPhase section */

/* Begin PBXSourcesBuildPhase section */
		14805B7D25FB986B003095B0 /* Sources */ = {
			isa = PBXSourcesBuildPhase;
			buildActionMask = 2147483647;
			files = (
				14E7CA3E263A5EEB002D45B6 /* PopularMovieView.swift in Sources */,
				14A71B1B2612C85800A8F238 /* EpisodesView.swift in Sources */,
				141CF7842648CA2500A9C18F /* DownloadsView.swift in Sources */,
				14DDD34126312AF4000BBAD6 /* GenerateMovies.swift in Sources */,
				14DDD33E2631271C000BBAD6 /* SearchVM.swift in Sources */,
				14297BF5263F8BF70060FB3F /* NotificationBar.swift in Sources */,
				140CC447262E6E3000AD54AF /* Colors.swift in Sources */,
				1428F1B225FC64F9004EA1B7 /* GlobalHelpers.swift in Sources */,
				14297BF1263F8B480060FB3F /* ComingSoon.swift in Sources */,
				14A71B0B2612B5BB00A8F238 /* Trailer.swift in Sources */,
				14DDD33B2631267D000BBAD6 /* SearchView.swift in Sources */,
				14E7CA41263A7764002D45B6 /* SearchResultsGrid.swift in Sources */,
				14A4FF78260BEBCF00582FDC /* Episode.swift in Sources */,
				145881F82643868D00EDA4FC /* TrackableScrollView.swift in Sources */,
				145881F1264383F500EDA4FC /* ComingSoonVM.swift in Sources */,
				1428F1A525FC613D004EA1B7 /* HomeView.swift in Sources */,
				1428F1B525FC676B004EA1B7 /* HomeVM.swift in Sources */,
				14A71B132612BB0400A8F238 /* VideoPreviewImage.swift in Sources */,
				14805B8725FB986B003095B0 /* ContentView.swift in Sources */,
				1428F1AF25FC6464004EA1B7 /* StandardHomeMovie.swift in Sources */,
				142CC7DF2603360E00CE259E /* TopMoviePreview.swift in Sources */,
				1428F1AC25FC63E2004EA1B7 /* Movie.swift in Sources */,
				149C264726301178008B990D /* ActivityIndicator.swift in Sources */,
				14805B8525FB986B003095B0 /* NetflixCloneApp.swift in Sources */,
				14D3A43326112BBA002F6F3E /* MoreLikeThis.swift in Sources */,
				144C64B526218C6C00CB60C0 /* HomeStack.swift in Sources */,
				140CC444262E339200AD54AF /* SearchBar.swift in Sources */,
				14297BF8263F92180060FB3F /* ComingSoonRow.swift in Sources */,
				1433F6ED260D78A1001ADADB /* CustomTabSwitcher.swift in Sources */,
				14A71B182612BE3B00A8F238 /* TrailerList.swift in Sources */,
				14587C97260407C90015219E /* SmallVerticalButton.swift in Sources */,
				1474C0BB26054BEE00A5CAF2 /* PlayButton.swift in Sources */,
				14A71B0E2612B65E00A8F238 /* SwiftUIVideoView.swift in Sources */,
				145BA05A260A9738000A4FC2 /* MovieDetail.swift in Sources */,
			);
			runOnlyForDeploymentPostprocessing = 0;
		};
/* End PBXSourcesBuildPhase section */

/* Begin XCBuildConfiguration section */
		14805B8E25FB986B003095B0 /* Debug */ = {
			isa = XCBuildConfiguration;
			buildSettings = {
				ALWAYS_SEARCH_USER_PATHS = NO;
				CLANG_ANALYZER_NONNULL = YES;
				CLANG_ANALYZER_NUMBER_OBJECT_CONVERSION = YES_AGGRESSIVE;
				CLANG_CXX_LANGUAGE_STANDARD = "gnu++14";
				CLANG_CXX_LIBRARY = "libc++";
				CLANG_ENABLE_MODULES = YES;
				CLANG_ENABLE_OBJC_ARC = YES;
				CLANG_ENABLE_OBJC_WEAK = YES;
				CLANG_WARN_BLOCK_CAPTURE_AUTORELEASING = YES;
				CLANG_WARN_BOOL_CONVERSION = YES;
				CLANG_WARN_COMMA = YES;
				CLANG_WARN_CONSTANT_CONVERSION = YES;
				CLANG_WARN_DEPRECATED_OBJC_IMPLEMENTATIONS = YES;
				CLANG_WARN_DIRECT_OBJC_ISA_USAGE = YES_ERROR;
				CLANG_WARN_DOCUMENTATION_COMMENTS = YES;
				CLANG_WARN_EMPTY_BODY = YES;
				CLANG_WARN_ENUM_CONVERSION = YES;
				CLANG_WARN_INFINITE_RECURSION = YES;
				CLANG_WARN_INT_CONVERSION = YES;
				CLANG_WARN_NON_LITERAL_NULL_CONVERSION = YES;
				CLANG_WARN_OBJC_IMPLICIT_RETAIN_SELF = YES;
				CLANG_WARN_OBJC_LITERAL_CONVERSION = YES;
				CLANG_WARN_OBJC_ROOT_CLASS = YES_ERROR;
				CLANG_WARN_QUOTED_INCLUDE_IN_FRAMEWORK_HEADER = YES;
				CLANG_WARN_RANGE_LOOP_ANALYSIS = YES;
				CLANG_WARN_STRICT_PROTOTYPES = YES;
				CLANG_WARN_SUSPICIOUS_MOVE = YES;
				CLANG_WARN_UNGUARDED_AVAILABILITY = YES_AGGRESSIVE;
				CLANG_WARN_UNREACHABLE_CODE = YES;
				CLANG_WARN__DUPLICATE_METHOD_MATCH = YES;
				COPY_PHASE_STRIP = NO;
				DEBUG_INFORMATION_FORMAT = dwarf;
				ENABLE_STRICT_OBJC_MSGSEND = YES;
				ENABLE_TESTABILITY = YES;
				GCC_C_LANGUAGE_STANDARD = gnu11;
				GCC_DYNAMIC_NO_PIC = NO;
				GCC_NO_COMMON_BLOCKS = YES;
				GCC_OPTIMIZATION_LEVEL = 0;
				GCC_PREPROCESSOR_DEFINITIONS = (
					"DEBUG=1",
					"$(inherited)",
				);
				GCC_WARN_64_TO_32_BIT_CONVERSION = YES;
				GCC_WARN_ABOUT_RETURN_TYPE = YES_ERROR;
				GCC_WARN_UNDECLARED_SELECTOR = YES;
				GCC_WARN_UNINITIALIZED_AUTOS = YES_AGGRESSIVE;
				GCC_WARN_UNUSED_FUNCTION = YES;
				GCC_WARN_UNUSED_VARIABLE = YES;
				IPHONEOS_DEPLOYMENT_TARGET = 14.4;
				MTL_ENABLE_DEBUG_INFO = INCLUDE_SOURCE;
				MTL_FAST_MATH = YES;
				ONLY_ACTIVE_ARCH = YES;
				SDKROOT = iphoneos;
				SWIFT_ACTIVE_COMPILATION_CONDITIONS = DEBUG;
				SWIFT_OPTIMIZATION_LEVEL = "-Onone";
			};
			name = Debug;
		};
		14805B8F25FB986B003095B0 /* Release */ = {
			isa = XCBuildConfiguration;
			buildSettings = {
				ALWAYS_SEARCH_USER_PATHS = NO;
				CLANG_ANALYZER_NONNULL = YES;
				CLANG_ANALYZER_NUMBER_OBJECT_CONVERSION = YES_AGGRESSIVE;
				CLANG_CXX_LANGUAGE_STANDARD = "gnu++14";
				CLANG_CXX_LIBRARY = "libc++";
				CLANG_ENABLE_MODULES = YES;
				CLANG_ENABLE_OBJC_ARC = YES;
				CLANG_ENABLE_OBJC_WEAK = YES;
				CLANG_WARN_BLOCK_CAPTURE_AUTORELEASING = YES;
				CLANG_WARN_BOOL_CONVERSION = YES;
				CLANG_WARN_COMMA = YES;
				CLANG_WARN_CONSTANT_CONVERSION = YES;
				CLANG_WARN_DEPRECATED_OBJC_IMPLEMENTATIONS = YES;
				CLANG_WARN_DIRECT_OBJC_ISA_USAGE = YES_ERROR;
				CLANG_WARN_DOCUMENTATION_COMMENTS = YES;
				CLANG_WARN_EMPTY_BODY = YES;
				CLANG_WARN_ENUM_CONVERSION = YES;
				CLANG_WARN_INFINITE_RECURSION = YES;
				CLANG_WARN_INT_CONVERSION = YES;
				CLANG_WARN_NON_LITERAL_NULL_CONVERSION = YES;
				CLANG_WARN_OBJC_IMPLICIT_RETAIN_SELF = YES;
				CLANG_WARN_OBJC_LITERAL_CONVERSION = YES;
				CLANG_WARN_OBJC_ROOT_CLASS = YES_ERROR;
				CLANG_WARN_QUOTED_INCLUDE_IN_FRAMEWORK_HEADER = YES;
				CLANG_WARN_RANGE_LOOP_ANALYSIS = YES;
				CLANG_WARN_STRICT_PROTOTYPES = YES;
				CLANG_WARN_SUSPICIOUS_MOVE = YES;
				CLANG_WARN_UNGUARDED_AVAILABILITY = YES_AGGRESSIVE;
				CLANG_WARN_UNREACHABLE_CODE = YES;
				CLANG_WARN__DUPLICATE_METHOD_MATCH = YES;
				COPY_PHASE_STRIP = NO;
				DEBUG_INFORMATION_FORMAT = "dwarf-with-dsym";
				ENABLE_NS_ASSERTIONS = NO;
				ENABLE_STRICT_OBJC_MSGSEND = YES;
				GCC_C_LANGUAGE_STANDARD = gnu11;
				GCC_NO_COMMON_BLOCKS = YES;
				GCC_WARN_64_TO_32_BIT_CONVERSION = YES;
				GCC_WARN_ABOUT_RETURN_TYPE = YES_ERROR;
				GCC_WARN_UNDECLARED_SELECTOR = YES;
				GCC_WARN_UNINITIALIZED_AUTOS = YES_AGGRESSIVE;
				GCC_WARN_UNUSED_FUNCTION = YES;
				GCC_WARN_UNUSED_VARIABLE = YES;
				IPHONEOS_DEPLOYMENT_TARGET = 14.4;
				MTL_ENABLE_DEBUG_INFO = NO;
				MTL_FAST_MATH = YES;
				SDKROOT = iphoneos;
				SWIFT_COMPILATION_MODE = wholemodule;
				SWIFT_OPTIMIZATION_LEVEL = "-O";
				VALIDATE_PRODUCT = YES;
			};
			name = Release;
		};
		14805B9125FB986B003095B0 /* Debug */ = {
			isa = XCBuildConfiguration;
			baseConfigurationReference = 1821F81844176A27A2465DF7 /* Pods-NetflixClone.debug.xcconfig */;
			buildSettings = {
				ASSETCATALOG_COMPILER_APPICON_NAME = AppIcon;
				ASSETCATALOG_COMPILER_GLOBAL_ACCENT_COLOR_NAME = AccentColor;
				CODE_SIGN_STYLE = Automatic;
				DEVELOPMENT_ASSET_PATHS = "\"NetflixClone/Preview Content\"";
				DEVELOPMENT_TEAM = TCES658XLZ;
				ENABLE_PREVIEWS = YES;
				INFOPLIST_FILE = NetflixClone/Info.plist;
				IPHONEOS_DEPLOYMENT_TARGET = 14.0;
				LD_RUNPATH_SEARCH_PATHS = (
					"$(inherited)",
					"@executable_path/Frameworks",
				);
				PRODUCT_BUNDLE_IDENTIFIER = com.pintadostechnologies.NetflixClone;
				PRODUCT_NAME = "$(TARGET_NAME)";
				SWIFT_VERSION = 5.0;
				TARGETED_DEVICE_FAMILY = "1,2";
			};
			name = Debug;
		};
		14805B9225FB986B003095B0 /* Release */ = {
			isa = XCBuildConfiguration;
			baseConfigurationReference = DD2924F23AD01581E594343A /* Pods-NetflixClone.release.xcconfig */;
			buildSettings = {
				ASSETCATALOG_COMPILER_APPICON_NAME = AppIcon;
				ASSETCATALOG_COMPILER_GLOBAL_ACCENT_COLOR_NAME = AccentColor;
				CODE_SIGN_STYLE = Automatic;
				DEVELOPMENT_ASSET_PATHS = "\"NetflixClone/Preview Content\"";
				DEVELOPMENT_TEAM = TCES658XLZ;
				ENABLE_PREVIEWS = YES;
				INFOPLIST_FILE = NetflixClone/Info.plist;
				IPHONEOS_DEPLOYMENT_TARGET = 14.0;
				LD_RUNPATH_SEARCH_PATHS = (
					"$(inherited)",
					"@executable_path/Frameworks",
				);
				PRODUCT_BUNDLE_IDENTIFIER = com.pintadostechnologies.NetflixClone;
				PRODUCT_NAME = "$(TARGET_NAME)";
				SWIFT_VERSION = 5.0;
				TARGETED_DEVICE_FAMILY = "1,2";
			};
			name = Release;
		};
/* End XCBuildConfiguration section */

/* Begin XCConfigurationList section */
		14805B7C25FB986B003095B0 /* Build configuration list for PBXProject "NetflixClone" */ = {
			isa = XCConfigurationList;
			buildConfigurations = (
				14805B8E25FB986B003095B0 /* Debug */,
				14805B8F25FB986B003095B0 /* Release */,
			);
			defaultConfigurationIsVisible = 0;
			defaultConfigurationName = Release;
		};
		14805B9025FB986B003095B0 /* Build configuration list for PBXNativeTarget "NetflixClone" */ = {
			isa = XCConfigurationList;
			buildConfigurations = (
				14805B9125FB986B003095B0 /* Debug */,
				14805B9225FB986B003095B0 /* Release */,
			);
			defaultConfigurationIsVisible = 0;
			defaultConfigurationName = Release;
		};
/* End XCConfigurationList section */

/* Begin XCRemoteSwiftPackageReference section */
		1428F1A725FC637E004EA1B7 /* XCRemoteSwiftPackageReference "Kingfisher" */ = {
			isa = XCRemoteSwiftPackageReference;
			repositoryURL = "https://github.com/onevcat/Kingfisher.git";
			requirement = {
				kind = upToNextMajorVersion;
				minimumVersion = 6.2.1;
			};
		};
/* End XCRemoteSwiftPackageReference section */

/* Begin XCSwiftPackageProductDependency section */
		1428F1A825FC637E004EA1B7 /* Kingfisher */ = {
			isa = XCSwiftPackageProductDependency;
			package = 1428F1A725FC637E004EA1B7 /* XCRemoteSwiftPackageReference "Kingfisher" */;
			productName = Kingfisher;
		};
/* End XCSwiftPackageProductDependency section */
	};
	rootObject = 14805B7925FB986B003095B0 /* Project object */;
}
